// !$*UTF8*$!
{
	archiveVersion = 1;
	classes = {
	};
	objectVersion = 77;
	objects = {

/* Begin PBXContainerItemProxy section */
		A17362262D66581400BCF873 /* PBXContainerItemProxy */ = {
			isa = PBXContainerItemProxy;
			containerPortal = A17362072D66581100BCF873 /* Project object */;
			proxyType = 1;
			remoteGlobalIDString = A173620E2D66581100BCF873;
			remoteInfo = "EPath-v0.0.1";
		};
		A17362302D66581400BCF873 /* PBXContainerItemProxy */ = {
			isa = PBXContainerItemProxy;
			containerPortal = A17362072D66581100BCF873 /* Project object */;
			proxyType = 1;
			remoteGlobalIDString = A173620E2D66581100BCF873;
			remoteInfo = "EPath-v0.0.1";
		};
/* End PBXContainerItemProxy section */

/* Begin PBXFileReference section */
		A173620F2D66581100BCF873 /* EPath-v0.0.1.app */ = {isa = PBXFileReference; explicitFileType = wrapper.application; includeInIndex = 0; path = "EPath-v0.0.1.app"; sourceTree = BUILT_PRODUCTS_DIR; };
		A17362252D66581400BCF873 /* EPath-v0.0.1Tests.xctest */ = {isa = PBXFileReference; explicitFileType = wrapper.cfbundle; includeInIndex = 0; path = "EPath-v0.0.1Tests.xctest"; sourceTree = BUILT_PRODUCTS_DIR; };
		A173622F2D66581400BCF873 /* EPath-v0.0.1UITests.xctest */ = {isa = PBXFileReference; explicitFileType = wrapper.cfbundle; includeInIndex = 0; path = "EPath-v0.0.1UITests.xctest"; sourceTree = BUILT_PRODUCTS_DIR; };
/* End PBXFileReference section */

/* Begin PBXFileSystemSynchronizedBuildFileExceptionSet section */
		A17362372D66581400BCF873 /* Exceptions for "EPath-v0.0.1" folder in "EPath-v0.0.1" target */ = {
			isa = PBXFileSystemSynchronizedBuildFileExceptionSet;
			membershipExceptions = (
				Info.plist,
			);
			target = A173620E2D66581100BCF873 /* EPath-v0.0.1 */;
		};
/* End PBXFileSystemSynchronizedBuildFileExceptionSet section */

/* Begin PBXFileSystemSynchronizedRootGroup section */
		A17362112D66581100BCF873 /* EPath-v0.0.1 */ = {
			isa = PBXFileSystemSynchronizedRootGroup;
			exceptions = (
				A17362372D66581400BCF873 /* Exceptions for "EPath-v0.0.1" folder in "EPath-v0.0.1" target */,
			);
			path = "EPath-v0.0.1";
			sourceTree = "<group>";
		};
		A17362282D66581400BCF873 /* EPath-v0.0.1Tests */ = {
			isa = PBXFileSystemSynchronizedRootGroup;
			path = "EPath-v0.0.1Tests";
			sourceTree = "<group>";
		};
		A17362322D66581400BCF873 /* EPath-v0.0.1UITests */ = {
			isa = PBXFileSystemSynchronizedRootGroup;
			path = "EPath-v0.0.1UITests";
			sourceTree = "<group>";
		};
/* End PBXFileSystemSynchronizedRootGroup section */

/* Begin PBXFrameworksBuildPhase section */
		A173620C2D66581100BCF873 /* Frameworks */ = {
			isa = PBXFrameworksBuildPhase;
			buildActionMask = 2147483647;
			files = (
			);
			runOnlyForDeploymentPostprocessing = 0;
		};
		A17362222D66581400BCF873 /* Frameworks */ = {
			isa = PBXFrameworksBuildPhase;
			buildActionMask = 2147483647;
			files = (
			);
			runOnlyForDeploymentPostprocessing = 0;
		};
		A173622C2D66581400BCF873 /* Frameworks */ = {
			isa = PBXFrameworksBuildPhase;
			buildActionMask = 2147483647;
			files = (
			);
			runOnlyForDeploymentPostprocessing = 0;
		};
/* End PBXFrameworksBuildPhase section */

/* Begin PBXGroup section */
		A17362062D66581100BCF873 = {
			isa = PBXGroup;
			children = (
				A17362112D66581100BCF873 /* EPath-v0.0.1 */,
				A17362282D66581400BCF873 /* EPath-v0.0.1Tests */,
				A17362322D66581400BCF873 /* EPath-v0.0.1UITests */,
				A17362102D66581100BCF873 /* Products */,
			);
			sourceTree = "<group>";
		};
		A17362102D66581100BCF873 /* Products */ = {
			isa = PBXGroup;
			children = (
				A173620F2D66581100BCF873 /* EPath-v0.0.1.app */,
				A17362252D66581400BCF873 /* EPath-v0.0.1Tests.xctest */,
				A173622F2D66581400BCF873 /* EPath-v0.0.1UITests.xctest */,
			);
			name = Products;
			sourceTree = "<group>";
		};
/* End PBXGroup section */

/* Begin PBXNativeTarget section */
		A173620E2D66581100BCF873 /* EPath-v0.0.1 */ = {
			isa = PBXNativeTarget;
			buildConfigurationList = A17362382D66581400BCF873 /* Build configuration list for PBXNativeTarget "EPath-v0.0.1" */;
			buildPhases = (
				A173620B2D66581100BCF873 /* Sources */,
				A173620C2D66581100BCF873 /* Frameworks */,
				A173620D2D66581100BCF873 /* Resources */,
			);
			buildRules = (
			);
			dependencies = (
			);
			fileSystemSynchronizedGroups = (
				A17362112D66581100BCF873 /* EPath-v0.0.1 */,
			);
			name = "EPath-v0.0.1";
			packageProductDependencies = (
			);
			productName = "EPath-v0.0.1";
			productReference = A173620F2D66581100BCF873 /* EPath-v0.0.1.app */;
			productType = "com.apple.product-type.application";
		};
		A17362242D66581400BCF873 /* EPath-v0.0.1Tests */ = {
			isa = PBXNativeTarget;
			buildConfigurationList = A173623D2D66581400BCF873 /* Build configuration list for PBXNativeTarget "EPath-v0.0.1Tests" */;
			buildPhases = (
				A17362212D66581400BCF873 /* Sources */,
				A17362222D66581400BCF873 /* Frameworks */,
				A17362232D66581400BCF873 /* Resources */,
			);
			buildRules = (
			);
			dependencies = (
				A17362272D66581400BCF873 /* PBXTargetDependency */,
			);
			fileSystemSynchronizedGroups = (
				A17362282D66581400BCF873 /* EPath-v0.0.1Tests */,
			);
			name = "EPath-v0.0.1Tests";
			packageProductDependencies = (
			);
			productName = "EPath-v0.0.1Tests";
			productReference = A17362252D66581400BCF873 /* EPath-v0.0.1Tests.xctest */;
			productType = "com.apple.product-type.bundle.unit-test";
		};
		A173622E2D66581400BCF873 /* EPath-v0.0.1UITests */ = {
			isa = PBXNativeTarget;
			buildConfigurationList = A17362402D66581400BCF873 /* Build configuration list for PBXNativeTarget "EPath-v0.0.1UITests" */;
			buildPhases = (
				A173622B2D66581400BCF873 /* Sources */,
				A173622C2D66581400BCF873 /* Frameworks */,
				A173622D2D66581400BCF873 /* Resources */,
			);
			buildRules = (
			);
			dependencies = (
				A17362312D66581400BCF873 /* PBXTargetDependency */,
			);
			fileSystemSynchronizedGroups = (
				A17362322D66581400BCF873 /* EPath-v0.0.1UITests */,
			);
			name = "EPath-v0.0.1UITests";
			packageProductDependencies = (
			);
			productName = "EPath-v0.0.1UITests";
			productReference = A173622F2D66581400BCF873 /* EPath-v0.0.1UITests.xctest */;
			productType = "com.apple.product-type.bundle.ui-testing";
		};
/* End PBXNativeTarget section */

/* Begin PBXProject section */
		A17362072D66581100BCF873 /* Project object */ = {
			isa = PBXProject;
			attributes = {
				BuildIndependentTargetsInParallel = 1;
				LastSwiftUpdateCheck = 1610;
				LastUpgradeCheck = 1610;
				TargetAttributes = {
					A173620E2D66581100BCF873 = {
						CreatedOnToolsVersion = 16.1;
					};
					A17362242D66581400BCF873 = {
						CreatedOnToolsVersion = 16.1;
						TestTargetID = A173620E2D66581100BCF873;
					};
					A173622E2D66581400BCF873 = {
						CreatedOnToolsVersion = 16.1;
						TestTargetID = A173620E2D66581100BCF873;
					};
				};
			};
			buildConfigurationList = A173620A2D66581100BCF873 /* Build configuration list for PBXProject "EPath-v0.0.1" */;
			developmentRegion = en;
			hasScannedForEncodings = 0;
			knownRegions = (
				en,
				Base,
			);
			mainGroup = A17362062D66581100BCF873;
			minimizedProjectReferenceProxies = 1;
			preferredProjectObjectVersion = 77;
			productRefGroup = A17362102D66581100BCF873 /* Products */;
			projectDirPath = "";
			projectRoot = "";
			targets = (
				A173620E2D66581100BCF873 /* EPath-v0.0.1 */,
				A17362242D66581400BCF873 /* EPath-v0.0.1Tests */,
				A173622E2D66581400BCF873 /* EPath-v0.0.1UITests */,
			);
		};
/* End PBXProject section */

/* Begin PBXResourcesBuildPhase section */
		A173620D2D66581100BCF873 /* Resources */ = {
			isa = PBXResourcesBuildPhase;
			buildActionMask = 2147483647;
			files = (
			);
			runOnlyForDeploymentPostprocessing = 0;
		};
		A17362232D66581400BCF873 /* Resources */ = {
			isa = PBXResourcesBuildPhase;
			buildActionMask = 2147483647;
			files = (
			);
			runOnlyForDeploymentPostprocessing = 0;
		};
		A173622D2D66581400BCF873 /* Resources */ = {
			isa = PBXResourcesBuildPhase;
			buildActionMask = 2147483647;
			files = (
			);
			runOnlyForDeploymentPostprocessing = 0;
		};
/* End PBXResourcesBuildPhase section */

/* Begin PBXSourcesBuildPhase section */
		A173620B2D66581100BCF873 /* Sources */ = {
			isa = PBXSourcesBuildPhase;
			buildActionMask = 2147483647;
			files = (
			);
			runOnlyForDeploymentPostprocessing = 0;
		};
		A17362212D66581400BCF873 /* Sources */ = {
			isa = PBXSourcesBuildPhase;
			buildActionMask = 2147483647;
			files = (
			);
			runOnlyForDeploymentPostprocessing = 0;
		};
		A173622B2D66581400BCF873 /* Sources */ = {
			isa = PBXSourcesBuildPhase;
			buildActionMask = 2147483647;
			files = (
			);
			runOnlyForDeploymentPostprocessing = 0;
		};
/* End PBXSourcesBuildPhase section */

/* Begin PBXTargetDependency section */
		A17362272D66581400BCF873 /* PBXTargetDependency */ = {
			isa = PBXTargetDependency;
			target = A173620E2D66581100BCF873 /* EPath-v0.0.1 */;
			targetProxy = A17362262D66581400BCF873 /* PBXContainerItemProxy */;
		};
		A17362312D66581400BCF873 /* PBXTargetDependency */ = {
			isa = PBXTargetDependency;
			target = A173620E2D66581100BCF873 /* EPath-v0.0.1 */;
			targetProxy = A17362302D66581400BCF873 /* PBXContainerItemProxy */;
		};
/* End PBXTargetDependency section */

/* Begin XCBuildConfiguration section */
		A17362392D66581400BCF873 /* Debug */ = {
			isa = XCBuildConfiguration;
			buildSettings = {
				ASSETCATALOG_COMPILER_APPICON_NAME = AppIcon;
				ASSETCATALOG_COMPILER_GLOBAL_ACCENT_COLOR_NAME = AccentColor;
				CODE_SIGN_STYLE = Automatic;
				CURRENT_PROJECT_VERSION = 1;
				DEVELOPMENT_TEAM = 67FVWU2P4T;
				GENERATE_INFOPLIST_FILE = YES;
				INFOPLIST_FILE = "EPath-v0.0.1/Info.plist";
				INFOPLIST_KEY_UIApplicationSupportsIndirectInputEvents = YES;
				INFOPLIST_KEY_UILaunchStoryboardName = LaunchScreen;
				INFOPLIST_KEY_UIMainStoryboardFile = Main;
				INFOPLIST_KEY_UISupportedInterfaceOrientations_iPad = "UIInterfaceOrientationPortrait UIInterfaceOrientationPortraitUpsideDown UIInterfaceOrientationLandscapeLeft UIInterfaceOrientationLandscapeRight";
				INFOPLIST_KEY_UISupportedInterfaceOrientations_iPhone = "UIInterfaceOrientationPortrait UIInterfaceOrientationLandscapeLeft UIInterfaceOrientationLandscapeRight";
				LD_RUNPATH_SEARCH_PATHS = (
					"$(inherited)",
					"@executable_path/Frameworks",
				);
				MARKETING_VERSION = 1.0;
				PRODUCT_BUNDLE_IDENTIFIER = "com.nscc.Emily.EPath-v0-0-1";
				PRODUCT_NAME = "$(TARGET_NAME)";
				SWIFT_EMIT_LOC_STRINGS = YES;
				SWIFT_VERSION = 5.0;
				TARGETED_DEVICE_FAMILY = "1,2";
			};
			name = Debug;
		};
		A173623A2D66581400BCF873 /* Release */ = {
			isa = XCBuildConfiguration;
			buildSettings = {
				ASSETCATALOG_COMPILER_APPICON_NAME = AppIcon;
				ASSETCATALOG_COMPILER_GLOBAL_ACCENT_COLOR_NAME = AccentColor;
				CODE_SIGN_STYLE = Automatic;
				CURRENT_PROJECT_VERSION = 1;
				DEVELOPMENT_TEAM = 67FVWU2P4T;
				GENERATE_INFOPLIST_FILE = YES;
				INFOPLIST_FILE = "EPath-v0.0.1/Info.plist";
				INFOPLIST_KEY_UIApplicationSupportsIndirectInputEvents = YES;
				INFOPLIST_KEY_UILaunchStoryboardName = LaunchScreen;
				INFOPLIST_KEY_UIMainStoryboardFile = Main;
				INFOPLIST_KEY_UISupportedInterfaceOrientations_iPad = "UIInterfaceOrientationPortrait UIInterfaceOrientationPortraitUpsideDown UIInterfaceOrientationLandscapeLeft UIInterfaceOrientationLandscapeRight";
				INFOPLIST_KEY_UISupportedInterfaceOrientations_iPhone = "UIInterfaceOrientationPortrait UIInterfaceOrientationLandscapeLeft UIInterfaceOrientationLandscapeRight";
				LD_RUNPATH_SEARCH_PATHS = (
					"$(inherited)",
					"@executable_path/Frameworks",
				);
				MARKETING_VERSION = 1.0;
				PRODUCT_BUNDLE_IDENTIFIER = "com.nscc.Emily.EPath-v0-0-1";
				PRODUCT_NAME = "$(TARGET_NAME)";
				SWIFT_EMIT_LOC_STRINGS = YES;
				SWIFT_VERSION = 5.0;
				TARGETED_DEVICE_FAMILY = "1,2";
			};
			name = Release;
		};
		A173623B2D66581400BCF873 /* Debug */ = {
			isa = XCBuildConfiguration;
			buildSettings = {
				ALWAYS_SEARCH_USER_PATHS = NO;
				ASSETCATALOG_COMPILER_GENERATE_SWIFT_ASSET_SYMBOL_EXTENSIONS = YES;
				CLANG_ANALYZER_NONNULL = YES;
				CLANG_ANALYZER_NUMBER_OBJECT_CONVERSION = YES_AGGRESSIVE;
				CLANG_CXX_LANGUAGE_STANDARD = "gnu++20";
				CLANG_ENABLE_MODULES = YES;
				CLANG_ENABLE_OBJC_ARC = YES;
				CLANG_ENABLE_OBJC_WEAK = YES;
				CLANG_WARN_BLOCK_CAPTURE_AUTORELEASING = YES;
				CLANG_WARN_BOOL_CONVERSION = YES;
				CLANG_WARN_COMMA = YES;
				CLANG_WARN_CONSTANT_CONVERSION = YES;
				CLANG_WARN_DEPRECATED_OBJC_IMPLEMENTATIONS = YES;
				CLANG_WARN_DIRECT_OBJC_ISA_USAGE = YES_ERROR;
				CLANG_WARN_DOCUMENTATION_COMMENTS = YES;
				CLANG_WARN_EMPTY_BODY = YES;
				CLANG_WARN_ENUM_CONVERSION = YES;
				CLANG_WARN_INFINITE_RECURSION = YES;
				CLANG_WARN_INT_CONVERSION = YES;
				CLANG_WARN_NON_LITERAL_NULL_CONVERSION = YES;
				CLANG_WARN_OBJC_IMPLICIT_RETAIN_SELF = YES;
				CLANG_WARN_OBJC_LITERAL_CONVERSION = YES;
				CLANG_WARN_OBJC_ROOT_CLASS = YES_ERROR;
				CLANG_WARN_QUOTED_INCLUDE_IN_FRAMEWORK_HEADER = YES;
				CLANG_WARN_RANGE_LOOP_ANALYSIS = YES;
				CLANG_WARN_STRICT_PROTOTYPES = YES;
				CLANG_WARN_SUSPICIOUS_MOVE = YES;
				CLANG_WARN_UNGUARDED_AVAILABILITY = YES_AGGRESSIVE;
				CLANG_WARN_UNREACHABLE_CODE = YES;
				CLANG_WARN__DUPLICATE_METHOD_MATCH = YES;
				COPY_PHASE_STRIP = NO;
				DEBUG_INFORMATION_FORMAT = dwarf;
				ENABLE_STRICT_OBJC_MSGSEND = YES;
				ENABLE_TESTABILITY = YES;
				ENABLE_USER_SCRIPT_SANDBOXING = YES;
				GCC_C_LANGUAGE_STANDARD = gnu17;
				GCC_DYNAMIC_NO_PIC = NO;
				GCC_NO_COMMON_BLOCKS = YES;
				GCC_OPTIMIZATION_LEVEL = 0;
				GCC_PREPROCESSOR_DEFINITIONS = (
					"DEBUG=1",
					"$(inherited)",
				);
				GCC_WARN_64_TO_32_BIT_CONVERSION = YES;
				GCC_WARN_ABOUT_RETURN_TYPE = YES_ERROR;
				GCC_WARN_UNDECLARED_SELECTOR = YES;
				GCC_WARN_UNINITIALIZED_AUTOS = YES_AGGRESSIVE;
				GCC_WARN_UNUSED_FUNCTION = YES;
				GCC_WARN_UNUSED_VARIABLE = YES;
				IPHONEOS_DEPLOYMENT_TARGET = 18.1;
				LOCALIZATION_PREFERS_STRING_CATALOGS = YES;
				MTL_ENABLE_DEBUG_INFO = INCLUDE_SOURCE;
				MTL_FAST_MATH = YES;
				ONLY_ACTIVE_ARCH = YES;
				SDKROOT = iphoneos;
				SWIFT_ACTIVE_COMPILATION_CONDITIONS = "DEBUG $(inherited)";
				SWIFT_OPTIMIZATION_LEVEL = "-Onone";
			};
			name = Debug;
		};
		A173623C2D66581400BCF873 /* Release */ = {
			isa = XCBuildConfiguration;
			buildSettings = {
				ALWAYS_SEARCH_USER_PATHS = NO;
				ASSETCATALOG_COMPILER_GENERATE_SWIFT_ASSET_SYMBOL_EXTENSIONS = YES;
				CLANG_ANALYZER_NONNULL = YES;
				CLANG_ANALYZER_NUMBER_OBJECT_CONVERSION = YES_AGGRESSIVE;
				CLANG_CXX_LANGUAGE_STANDARD = "gnu++20";
				CLANG_ENABLE_MODULES = YES;
				CLANG_ENABLE_OBJC_ARC = YES;
				CLANG_ENABLE_OBJC_WEAK = YES;
				CLANG_WARN_BLOCK_CAPTURE_AUTORELEASING = YES;
				CLANG_WARN_BOOL_CONVERSION = YES;
				CLANG_WARN_COMMA = YES;
				CLANG_WARN_CONSTANT_CONVERSION = YES;
				CLANG_WARN_DEPRECATED_OBJC_IMPLEMENTATIONS = YES;
				CLANG_WARN_DIRECT_OBJC_ISA_USAGE = YES_ERROR;
				CLANG_WARN_DOCUMENTATION_COMMENTS = YES;
				CLANG_WARN_EMPTY_BODY = YES;
				CLANG_WARN_ENUM_CONVERSION = YES;
				CLANG_WARN_INFINITE_RECURSION = YES;
				CLANG_WARN_INT_CONVERSION = YES;
				CLANG_WARN_NON_LITERAL_NULL_CONVERSION = YES;
				CLANG_WARN_OBJC_IMPLICIT_RETAIN_SELF = YES;
				CLANG_WARN_OBJC_LITERAL_CONVERSION = YES;
				CLANG_WARN_OBJC_ROOT_CLASS = YES_ERROR;
				CLANG_WARN_QUOTED_INCLUDE_IN_FRAMEWORK_HEADER = YES;
				CLANG_WARN_RANGE_LOOP_ANALYSIS = YES;
				CLANG_WARN_STRICT_PROTOTYPES = YES;
				CLANG_WARN_SUSPICIOUS_MOVE = YES;
				CLANG_WARN_UNGUARDED_AVAILABILITY = YES_AGGRESSIVE;
				CLANG_WARN_UNREACHABLE_CODE = YES;
				CLANG_WARN__DUPLICATE_METHOD_MATCH = YES;
				COPY_PHASE_STRIP = NO;
				DEBUG_INFORMATION_FORMAT = "dwarf-with-dsym";
				ENABLE_NS_ASSERTIONS = NO;
				ENABLE_STRICT_OBJC_MSGSEND = YES;
				ENABLE_USER_SCRIPT_SANDBOXING = YES;
				GCC_C_LANGUAGE_STANDARD = gnu17;
				GCC_NO_COMMON_BLOCKS = YES;
				GCC_WARN_64_TO_32_BIT_CONVERSION = YES;
				GCC_WARN_ABOUT_RETURN_TYPE = YES_ERROR;
				GCC_WARN_UNDECLARED_SELECTOR = YES;
				GCC_WARN_UNINITIALIZED_AUTOS = YES_AGGRESSIVE;
				GCC_WARN_UNUSED_FUNCTION = YES;
				GCC_WARN_UNUSED_VARIABLE = YES;
				IPHONEOS_DEPLOYMENT_TARGET = 18.1;
				LOCALIZATION_PREFERS_STRING_CATALOGS = YES;
				MTL_ENABLE_DEBUG_INFO = NO;
				MTL_FAST_MATH = YES;
				SDKROOT = iphoneos;
				SWIFT_COMPILATION_MODE = wholemodule;
				VALIDATE_PRODUCT = YES;
			};
			name = Release;
		};
		A173623E2D66581400BCF873 /* Debug */ = {
			isa = XCBuildConfiguration;
			buildSettings = {
				BUNDLE_LOADER = "$(TEST_HOST)";
				CODE_SIGN_STYLE = Automatic;
				CURRENT_PROJECT_VERSION = 1;
				DEVELOPMENT_TEAM = 67FVWU2P4T;
				GENERATE_INFOPLIST_FILE = YES;
				IPHONEOS_DEPLOYMENT_TARGET = 18.1;
				MARKETING_VERSION = 1.0;
				PRODUCT_BUNDLE_IDENTIFIER = "com.nscc.Emily.EPath-v0-0-1Tests";
				PRODUCT_NAME = "$(TARGET_NAME)";
				SWIFT_EMIT_LOC_STRINGS = NO;
				SWIFT_VERSION = 5.0;
				TARGETED_DEVICE_FAMILY = "1,2";
				TEST_HOST = "$(BUILT_PRODUCTS_DIR)/EPath-v0.0.1.app/$(BUNDLE_EXECUTABLE_FOLDER_PATH)/EPath-v0.0.1";
			};
			name = Debug;
		};
		A173623F2D66581400BCF873 /* Release */ = {
			isa = XCBuildConfiguration;
			buildSettings = {
				BUNDLE_LOADER = "$(TEST_HOST)";
				CODE_SIGN_STYLE = Automatic;
				CURRENT_PROJECT_VERSION = 1;
				DEVELOPMENT_TEAM = 67FVWU2P4T;
				GENERATE_INFOPLIST_FILE = YES;
				IPHONEOS_DEPLOYMENT_TARGET = 18.1;
				MARKETING_VERSION = 1.0;
				PRODUCT_BUNDLE_IDENTIFIER = "com.nscc.Emily.EPath-v0-0-1Tests";
				PRODUCT_NAME = "$(TARGET_NAME)";
				SWIFT_EMIT_LOC_STRINGS = NO;
				SWIFT_VERSION = 5.0;
				TARGETED_DEVICE_FAMILY = "1,2";
				TEST_HOST = "$(BUILT_PRODUCTS_DIR)/EPath-v0.0.1.app/$(BUNDLE_EXECUTABLE_FOLDER_PATH)/EPath-v0.0.1";
			};
			name = Release;
		};
		A17362412D66581400BCF873 /* Debug */ = {
			isa = XCBuildConfiguration;
			buildSettings = {
				CODE_SIGN_STYLE = Automatic;
				CURRENT_PROJECT_VERSION = 1;
				DEVELOPMENT_TEAM = 67FVWU2P4T;
				GENERATE_INFOPLIST_FILE = YES;
				MARKETING_VERSION = 1.0;
				PRODUCT_BUNDLE_IDENTIFIER = "com.nscc.Emily.EPath-v0-0-1UITests";
				PRODUCT_NAME = "$(TARGET_NAME)";
				SWIFT_EMIT_LOC_STRINGS = NO;
				SWIFT_VERSION = 5.0;
				TARGETED_DEVICE_FAMILY = "1,2";
				TEST_TARGET_NAME = "EPath-v0.0.1";
			};
			name = Debug;
		};
		A17362422D66581400BCF873 /* Release */ = {
			isa = XCBuildConfiguration;
			buildSettings = {
				CODE_SIGN_STYLE = Automatic;
				CURRENT_PROJECT_VERSION = 1;
				DEVELOPMENT_TEAM = 67FVWU2P4T;
				GENERATE_INFOPLIST_FILE = YES;
				MARKETING_VERSION = 1.0;
				PRODUCT_BUNDLE_IDENTIFIER = "com.nscc.Emily.EPath-v0-0-1UITests";
				PRODUCT_NAME = "$(TARGET_NAME)";
				SWIFT_EMIT_LOC_STRINGS = NO;
				SWIFT_VERSION = 5.0;
				TARGETED_DEVICE_FAMILY = "1,2";
				TEST_TARGET_NAME = "EPath-v0.0.1";
			};
			name = Release;
		};
/* End XCBuildConfiguration section */

/* Begin XCConfigurationList section */
		A173620A2D66581100BCF873 /* Build configuration list for PBXProject "EPath-v0.0.1" */ = {
			isa = XCConfigurationList;
			buildConfigurations = (
				A173623B2D66581400BCF873 /* Debug */,
				A173623C2D66581400BCF873 /* Release */,
			);
			defaultConfigurationIsVisible = 0;
			defaultConfigurationName = Release;
		};
		A17362382D66581400BCF873 /* Build configuration list for PBXNativeTarget "EPath-v0.0.1" */ = {
			isa = XCConfigurationList;
			buildConfigurations = (
				A17362392D66581400BCF873 /* Debug */,
				A173623A2D66581400BCF873 /* Release */,
			);
			defaultConfigurationIsVisible = 0;
			defaultConfigurationName = Release;
		};
		A173623D2D66581400BCF873 /* Build configuration list for PBXNativeTarget "EPath-v0.0.1Tests" */ = {
			isa = XCConfigurationList;
			buildConfigurations = (
				A173623E2D66581400BCF873 /* Debug */,
				A173623F2D66581400BCF873 /* Release */,
			);
			defaultConfigurationIsVisible = 0;
			defaultConfigurationName = Release;
		};
		A17362402D66581400BCF873 /* Build configuration list for PBXNativeTarget "EPath-v0.0.1UITests" */ = {
			isa = XCConfigurationList;
			buildConfigurations = (
				A17362412D66581400BCF873 /* Debug */,
				A17362422D66581400BCF873 /* Release */,
			);
			defaultConfigurationIsVisible = 0;
			defaultConfigurationName = Release;
		};
/* End XCConfigurationList section */
	};
	rootObject = A17362072D66581100BCF873 /* Project object */;
}
